lockfileVersion: 5.3

importers:

  .:
    specifiers:
      esbuild: ^0.14.27
      typescript: ^4.6.2
      vue: ^3.2.31
    dependencies:
      esbuild: registry.npmjs.org/esbuild/0.14.27
      typescript: registry.npmjs.org/typescript/4.6.2
      vue: registry.npmjs.org/vue/3.2.31

packages:

  registry.npmjs.org/@babel/parser/7.17.8:
    resolution: {integrity: sha512-BoHhDJrJXqcg+ZL16Xv39H9n+AqJ4pcDrQBGZN+wHxIysrLZ3/ECwCBUch/1zUNhnsXULcONU3Ei5Hmkfk6kiQ==, registry: https://registry.yarnpkg.com/, tarball: https://registry.npmjs.org/@babel/parser/-/parser-7.17.8.tgz}
    name: '@babel/parser'
    version: 7.17.8
    engines: {node: '>=6.0.0'}
    hasBin: true
    dev: false

  registry.npmjs.org/@vue/compiler-core/3.2.31:
    resolution: {integrity: sha512-aKno00qoA4o+V/kR6i/pE+aP+esng5siNAVQ422TkBNM6qA4veXiZbSe8OTXHXquEi/f6Akc+nLfB4JGfe4/WQ==, registry: https://registry.yarnpkg.com/, tarball: https://registry.npmjs.org/@vue/compiler-core/-/compiler-core-3.2.31.tgz}
    name: '@vue/compiler-core'
    version: 3.2.31
    dependencies:
      '@babel/parser': registry.npmjs.org/@babel/parser/7.17.8
      '@vue/shared': registry.npmjs.org/@vue/shared/3.2.31
      estree-walker: registry.npmjs.org/estree-walker/2.0.2
      source-map: registry.npmjs.org/source-map/0.6.1
    dev: false

  registry.npmjs.org/@vue/compiler-dom/3.2.31:
    resolution: {integrity: sha512-60zIlFfzIDf3u91cqfqy9KhCKIJgPeqxgveH2L+87RcGU/alT6BRrk5JtUso0OibH3O7NXuNOQ0cDc9beT0wrg==, registry: https://registry.yarnpkg.com/, tarball: https://registry.npmjs.org/@vue/compiler-dom/-/compiler-dom-3.2.31.tgz}
    name: '@vue/compiler-dom'
    version: 3.2.31
    dependencies:
      '@vue/compiler-core': registry.npmjs.org/@vue/compiler-core/3.2.31
      '@vue/shared': registry.npmjs.org/@vue/shared/3.2.31
    dev: false

  registry.npmjs.org/@vue/compiler-sfc/3.2.31:
    resolution: {integrity: sha512-748adc9msSPGzXgibHiO6T7RWgfnDcVQD+VVwYgSsyyY8Ans64tALHZANrKtOzvkwznV/F4H7OAod/jIlp/dkQ==, registry: https://registry.yarnpkg.com/, tarball: https://registry.npmjs.org/@vue/compiler-sfc/-/compiler-sfc-3.2.31.tgz}
    name: '@vue/compiler-sfc'
    version: 3.2.31
    dependencies:
      '@babel/parser': registry.npmjs.org/@babel/parser/7.17.8
      '@vue/compiler-core': registry.npmjs.org/@vue/compiler-core/3.2.31
      '@vue/compiler-dom': registry.npmjs.org/@vue/compiler-dom/3.2.31
      '@vue/compiler-ssr': registry.npmjs.org/@vue/compiler-ssr/3.2.31
      '@vue/reactivity-transform': registry.npmjs.org/@vue/reactivity-transform/3.2.31
      '@vue/shared': registry.npmjs.org/@vue/shared/3.2.31
      estree-walker: registry.npmjs.org/estree-walker/2.0.2
      magic-string: registry.npmjs.org/magic-string/0.25.9
      postcss: registry.npmjs.org/postcss/8.4.12
      source-map: registry.npmjs.org/source-map/0.6.1
    dev: false

  registry.npmjs.org/@vue/compiler-ssr/3.2.31:
    resolution: {integrity: sha512-mjN0rqig+A8TVDnsGPYJM5dpbjlXeHUm2oZHZwGyMYiGT/F4fhJf/cXy8QpjnLQK4Y9Et4GWzHn9PS8AHUnSkw==, registry: https://registry.yarnpkg.com/, tarball: https://registry.npmjs.org/@vue/compiler-ssr/-/compiler-ssr-3.2.31.tgz}
    name: '@vue/compiler-ssr'
    version: 3.2.31
    dependencies:
      '@vue/compiler-dom': registry.npmjs.org/@vue/compiler-dom/3.2.31
      '@vue/shared': registry.npmjs.org/@vue/shared/3.2.31
    dev: false

  registry.npmjs.org/@vue/reactivity-transform/3.2.31:
    resolution: {integrity: sha512-uS4l4z/W7wXdI+Va5pgVxBJ345wyGFKvpPYtdSgvfJfX/x2Ymm6ophQlXXB6acqGHtXuBqNyyO3zVp9b1r0MOA==, registry: https://registry.yarnpkg.com/, tarball: https://registry.npmjs.org/@vue/reactivity-transform/-/reactivity-transform-3.2.31.tgz}
    name: '@vue/reactivity-transform'
    version: 3.2.31
    dependencies:
      '@babel/parser': registry.npmjs.org/@babel/parser/7.17.8
      '@vue/compiler-core': registry.npmjs.org/@vue/compiler-core/3.2.31
      '@vue/shared': registry.npmjs.org/@vue/shared/3.2.31
      estree-walker: registry.npmjs.org/estree-walker/2.0.2
      magic-string: registry.npmjs.org/magic-string/0.25.9
    dev: false

  registry.npmjs.org/@vue/reactivity/3.2.31:
    resolution: {integrity: sha512-HVr0l211gbhpEKYr2hYe7hRsV91uIVGFYNHj73njbARVGHQvIojkImKMaZNDdoDZOIkMsBc9a1sMqR+WZwfSCw==, registry: https://registry.yarnpkg.com/, tarball: https://registry.npmjs.org/@vue/reactivity/-/reactivity-3.2.31.tgz}
    name: '@vue/reactivity'
    version: 3.2.31
    dependencies:
      '@vue/shared': registry.npmjs.org/@vue/shared/3.2.31
    dev: false

  registry.npmjs.org/@vue/runtime-core/3.2.31:
    resolution: {integrity: sha512-Kcog5XmSY7VHFEMuk4+Gap8gUssYMZ2+w+cmGI6OpZWYOEIcbE0TPzzPHi+8XTzAgx1w/ZxDFcXhZeXN5eKWsA==, registry: https://registry.yarnpkg.com/, tarball: https://registry.npmjs.org/@vue/runtime-core/-/runtime-core-3.2.31.tgz}
    name: '@vue/runtime-core'
    version: 3.2.31
    dependencies:
      '@vue/reactivity': registry.npmjs.org/@vue/reactivity/3.2.31
      '@vue/shared': registry.npmjs.org/@vue/shared/3.2.31
    dev: false

  registry.npmjs.org/@vue/runtime-dom/3.2.31:
    resolution: {integrity: sha512-N+o0sICVLScUjfLG7u9u5XCjvmsexAiPt17GNnaWHJUfsKed5e85/A3SWgKxzlxx2SW/Hw7RQxzxbXez9PtY3g==, registry: https://registry.yarnpkg.com/, tarball: https://registry.npmjs.org/@vue/runtime-dom/-/runtime-dom-3.2.31.tgz}
    name: '@vue/runtime-dom'
    version: 3.2.31
    dependencies:
      '@vue/runtime-core': registry.npmjs.org/@vue/runtime-core/3.2.31
      '@vue/shared': registry.npmjs.org/@vue/shared/3.2.31
      csstype: registry.npmjs.org/csstype/2.6.20
    dev: false

  registry.npmjs.org/@vue/server-renderer/3.2.31_vue@3.2.31:
    resolution: {integrity: sha512-8CN3Zj2HyR2LQQBHZ61HexF5NReqngLT3oahyiVRfSSvak+oAvVmu8iNLSu6XR77Ili2AOpnAt1y8ywjjqtmkg==, registry: https://registry.yarnpkg.com/, tarball: https://registry.npmjs.org/@vue/server-renderer/-/server-renderer-3.2.31.tgz}
    id: registry.npmjs.org/@vue/server-renderer/3.2.31
    name: '@vue/server-renderer'
    version: 3.2.31
    peerDependencies:
      vue: 3.2.31
    dependencies:
      '@vue/compiler-ssr': registry.npmjs.org/@vue/compiler-ssr/3.2.31
      '@vue/shared': registry.npmjs.org/@vue/shared/3.2.31
      vue: registry.npmjs.org/vue/3.2.31
    dev: false

  registry.npmjs.org/@vue/shared/3.2.31:
    resolution: {integrity: sha512-ymN2pj6zEjiKJZbrf98UM2pfDd6F2H7ksKw7NDt/ZZ1fh5Ei39X5tABugtT03ZRlWd9imccoK0hE8hpjpU7irQ==, registry: https://registry.yarnpkg.com/, tarball: https://registry.npmjs.org/@vue/shared/-/shared-3.2.31.tgz}
    name: '@vue/shared'
    version: 3.2.31
    dev: false

  registry.npmjs.org/csstype/2.6.20:
    resolution: {integrity: sha512-/WwNkdXfckNgw6S5R125rrW8ez139lBHWouiBvX8dfMFtcn6V81REDqnH7+CRpRipfYlyU1CmOnOxrmGcFOjeA==, registry: https://registry.yarnpkg.com/, tarball: https://registry.npmjs.org/csstype/-/csstype-2.6.20.tgz}
    name: csstype
    version: 2.6.20
    dev: false

  registry.npmjs.org/esbuild-android-64/0.14.27:
    resolution: {integrity: sha512-LuEd4uPuj/16Y8j6kqy3Z2E9vNY9logfq8Tq+oTE2PZVuNs3M1kj5Qd4O95ee66yDGb3isaOCV7sOLDwtMfGaQ==, registry: https://registry.yarnpkg.com/, tarball: https://registry.npmjs.org/esbuild-android-64/-/esbuild-android-64-0.14.27.tgz}
    name: esbuild-android-64
    version: 0.14.27
    engines: {node: '>=12'}
    cpu: [x64]
    os: [android]
    requiresBuild: true
    dev: false
    optional: true

  registry.npmjs.org/esbuild-android-arm64/0.14.27:
    resolution: {integrity: sha512-E8Ktwwa6vX8q7QeJmg8yepBYXaee50OdQS3BFtEHKrzbV45H4foMOeEE7uqdjGQZFBap5VAqo7pvjlyA92wznQ==, registry: https://registry.yarnpkg.com/, tarball: https://registry.npmjs.org/esbuild-android-arm64/-/esbuild-android-arm64-0.14.27.tgz}
    name: esbuild-android-arm64
    version: 0.14.27
    engines: {node: '>=12'}
    cpu: [arm64]
    os: [android]
    requiresBuild: true
    dev: false
    optional: true

  registry.npmjs.org/esbuild-darwin-64/0.14.27:
    resolution: {integrity: sha512-czw/kXl/1ZdenPWfw9jDc5iuIYxqUxgQ/Q+hRd4/3udyGGVI31r29LCViN2bAJgGvQkqyLGVcG03PJPEXQ5i2g==, registry: https://registry.yarnpkg.com/, tarball: https://registry.npmjs.org/esbuild-darwin-64/-/esbuild-darwin-64-0.14.27.tgz}
    name: esbuild-darwin-64
    version: 0.14.27
    engines: {node: '>=12'}
    cpu: [x64]
    os: [darwin]
    requiresBuild: true
    dev: false
    optional: true

  registry.npmjs.org/esbuild-darwin-arm64/0.14.27:
    resolution: {integrity: sha512-BEsv2U2U4o672oV8+xpXNxN9bgqRCtddQC6WBh4YhXKDcSZcdNh7+6nS+DM2vu7qWIWNA4JbRG24LUUYXysimQ==, registry: https://registry.yarnpkg.com/, tarball: https://registry.npmjs.org/esbuild-darwin-arm64/-/esbuild-darwin-arm64-0.14.27.tgz}
    name: esbuild-darwin-arm64
    version: 0.14.27
    engines: {node: '>=12'}
    cpu: [arm64]
    os: [darwin]
    requiresBuild: true
    dev: false
    optional: true

  registry.npmjs.org/esbuild-freebsd-64/0.14.27:
    resolution: {integrity: sha512-7FeiFPGBo+ga+kOkDxtPmdPZdayrSzsV9pmfHxcyLKxu+3oTcajeZlOO1y9HW+t5aFZPiv7czOHM4KNd0tNwCA==, registry: https://registry.yarnpkg.com/, tarball: https://registry.npmjs.org/esbuild-freebsd-64/-/esbuild-freebsd-64-0.14.27.tgz}
    name: esbuild-freebsd-64
    version: 0.14.27
    engines: {node: '>=12'}
    cpu: [x64]
    os: [freebsd]
    requiresBuild: true
    dev: false
    optional: true

  registry.npmjs.org/esbuild-freebsd-arm64/0.14.27:
    resolution: {integrity: sha512-8CK3++foRZJluOWXpllG5zwAVlxtv36NpHfsbWS7TYlD8S+QruXltKlXToc/5ZNzBK++l6rvRKELu/puCLc7jA==, registry: https://registry.yarnpkg.com/, tarball: https://registry.npmjs.org/esbuild-freebsd-arm64/-/esbuild-freebsd-arm64-0.14.27.tgz}
    name: esbuild-freebsd-arm64
    version: 0.14.27
    engines: {node: '>=12'}
    cpu: [arm64]
    os: [freebsd]
    requiresBuild: true
    dev: false
    optional: true

  registry.npmjs.org/esbuild-linux-32/0.14.27:
    resolution: {integrity: sha512-qhNYIcT+EsYSBClZ5QhLzFzV5iVsP1YsITqblSaztr3+ZJUI+GoK8aXHyzKd7/CKKuK93cxEMJPpfi1dfsOfdw==, registry: https://registry.yarnpkg.com/, tarball: https://registry.npmjs.org/esbuild-linux-32/-/esbuild-linux-32-0.14.27.tgz}
    name: esbuild-linux-32
    version: 0.14.27
    engines: {node: '>=12'}
    cpu: [ia32]
    os: [linux]
    requiresBuild: true
    dev: false
    optional: true

  registry.npmjs.org/esbuild-linux-64/0.14.27:
    resolution: {integrity: sha512-ESjck9+EsHoTaKWlFKJpPZRN26uiav5gkI16RuI8WBxUdLrrAlYuYSndxxKgEn1csd968BX/8yQZATYf/9+/qg==, registry: https://registry.yarnpkg.com/, tarball: https://registry.npmjs.org/esbuild-linux-64/-/esbuild-linux-64-0.14.27.tgz}
    name: esbuild-linux-64
    version: 0.14.27
    engines: {node: '>=12'}
    cpu: [x64]
    os: [linux]
    requiresBuild: true
    dev: false
    optional: true

  registry.npmjs.org/esbuild-linux-arm/0.14.27:
    resolution: {integrity: sha512-JnnmgUBdqLQO9hoNZQqNHFWlNpSX82vzB3rYuCJMhtkuaWQEmQz6Lec1UIxJdC38ifEghNTBsF9bbe8dFilnCw==, registry: https://registry.yarnpkg.com/, tarball: https://registry.npmjs.org/esbuild-linux-arm/-/esbuild-linux-arm-0.14.27.tgz}
    name: esbuild-linux-arm
    version: 0.14.27
    engines: {node: '>=12'}
    cpu: [arm]
    os: [linux]
    requiresBuild: true
    dev: false
    optional: true

  registry.npmjs.org/esbuild-linux-arm64/0.14.27:
    resolution: {integrity: sha512-no6Mi17eV2tHlJnqBHRLekpZ2/VYx+NfGxKcBE/2xOMYwctsanCaXxw4zapvNrGE9X38vefVXLz6YCF8b1EHiQ==, registry: https://registry.yarnpkg.com/, tarball: https://registry.npmjs.org/esbuild-linux-arm64/-/esbuild-linux-arm64-0.14.27.tgz}
    name: esbuild-linux-arm64
    version: 0.14.27
    engines: {node: '>=12'}
    cpu: [arm64]
    os: [linux]
    requiresBuild: true
    dev: false
    optional: true

  registry.npmjs.org/esbuild-linux-mips64le/0.14.27:
    resolution: {integrity: sha512-NolWP2uOvIJpbwpsDbwfeExZOY1bZNlWE/kVfkzLMsSgqeVcl5YMen/cedRe9mKnpfLli+i0uSp7N+fkKNU27A==, registry: https://registry.yarnpkg.com/, tarball: https://registry.npmjs.org/esbuild-linux-mips64le/-/esbuild-linux-mips64le-0.14.27.tgz}
    name: esbuild-linux-mips64le
    version: 0.14.27
    engines: {node: '>=12'}
    cpu: [mips64el]
    os: [linux]
    requiresBuild: true
    dev: false
    optional: true

  registry.npmjs.org/esbuild-linux-ppc64le/0.14.27:
    resolution: {integrity: sha512-/7dTjDvXMdRKmsSxKXeWyonuGgblnYDn0MI1xDC7J1VQXny8k1qgNp6VmrlsawwnsymSUUiThhkJsI+rx0taNA==, registry: https://registry.yarnpkg.com/, tarball: https://registry.npmjs.org/esbuild-linux-ppc64le/-/esbuild-linux-ppc64le-0.14.27.tgz}
    name: esbuild-linux-ppc64le
    version: 0.14.27
    engines: {node: '>=12'}
    cpu: [ppc64]
    os: [linux]
    requiresBuild: true
    dev: false
    optional: true

  registry.npmjs.org/esbuild-linux-riscv64/0.14.27:
    resolution: {integrity: sha512-D+aFiUzOJG13RhrSmZgrcFaF4UUHpqj7XSKrIiCXIj1dkIkFqdrmqMSOtSs78dOtObWiOrFCDDzB24UyeEiNGg==, registry: https://registry.yarnpkg.com/, tarball: https://registry.npmjs.org/esbuild-linux-riscv64/-/esbuild-linux-riscv64-0.14.27.tgz}
    name: esbuild-linux-riscv64
    version: 0.14.27
    engines: {node: '>=12'}
    cpu: [riscv64]
    os: [linux]
    requiresBuild: true
    dev: false
    optional: true

  registry.npmjs.org/esbuild-linux-s390x/0.14.27:
    resolution: {integrity: sha512-CD/D4tj0U4UQjELkdNlZhQ8nDHU5rBn6NGp47Hiz0Y7/akAY5i0oGadhEIg0WCY/HYVXFb3CsSPPwaKcTOW3bg==, registry: https://registry.yarnpkg.com/, tarball: https://registry.npmjs.org/esbuild-linux-s390x/-/esbuild-linux-s390x-0.14.27.tgz}
    name: esbuild-linux-s390x
    version: 0.14.27
    engines: {node: '>=12'}
    cpu: [s390x]
    os: [linux]
    requiresBuild: true
    dev: false
    optional: true

  registry.npmjs.org/esbuild-netbsd-64/0.14.27:
    resolution: {integrity: sha512-h3mAld69SrO1VoaMpYl3a5FNdGRE/Nqc+E8VtHOag4tyBwhCQXxtvDDOAKOUQexBGca0IuR6UayQ4ntSX5ij1Q==, registry: https://registry.yarnpkg.com/, tarball: https://registry.npmjs.org/esbuild-netbsd-64/-/esbuild-netbsd-64-0.14.27.tgz}
    name: esbuild-netbsd-64
    version: 0.14.27
    engines: {node: '>=12'}
    cpu: [x64]
    os: [netbsd]
    requiresBuild: true
    dev: false
    optional: true

  registry.npmjs.org/esbuild-openbsd-64/0.14.27:
    resolution: {integrity: sha512-xwSje6qIZaDHXWoPpIgvL+7fC6WeubHHv18tusLYMwL+Z6bEa4Pbfs5IWDtQdHkArtfxEkIZz77944z8MgDxGw==, registry: https://registry.yarnpkg.com/, tarball: https://registry.npmjs.org/esbuild-openbsd-64/-/esbuild-openbsd-64-0.14.27.tgz}
    name: esbuild-openbsd-64
    version: 0.14.27
    engines: {node: '>=12'}
    cpu: [x64]
    os: [openbsd]
    requiresBuild: true
    dev: false
    optional: true

  registry.npmjs.org/esbuild-sunos-64/0.14.27:
    resolution: {integrity: sha512-/nBVpWIDjYiyMhuqIqbXXsxBc58cBVH9uztAOIfWShStxq9BNBik92oPQPJ57nzWXRNKQUEFWr4Q98utDWz7jg==, registry: https://registry.yarnpkg.com/, tarball: https://registry.npmjs.org/esbuild-sunos-64/-/esbuild-sunos-64-0.14.27.tgz}
    name: esbuild-sunos-64
    version: 0.14.27
    engines: {node: '>=12'}
    cpu: [x64]
    os: [sunos]
    requiresBuild: true
    dev: false
    optional: true

  registry.npmjs.org/esbuild-windows-32/0.14.27:
    resolution: {integrity: sha512-Q9/zEjhZJ4trtWhFWIZvS/7RUzzi8rvkoaS9oiizkHTTKd8UxFwn/Mm2OywsAfYymgUYm8+y2b+BKTNEFxUekw==, registry: https://registry.yarnpkg.com/, tarball: https://registry.npmjs.org/esbuild-windows-32/-/esbuild-windows-32-0.14.27.tgz}
    name: esbuild-windows-32
    version: 0.14.27
    engines: {node: '>=12'}
    cpu: [ia32]
    os: [win32]
    requiresBuild: true
    dev: false
    optional: true

  registry.npmjs.org/esbuild-windows-64/0.14.27:
    resolution: {integrity: sha512-b3y3vTSl5aEhWHK66ngtiS/c6byLf6y/ZBvODH1YkBM+MGtVL6jN38FdHUsZasCz9gFwYs/lJMVY9u7GL6wfYg==, registry: https://registry.yarnpkg.com/, tarball: https://registry.npmjs.org/esbuild-windows-64/-/esbuild-windows-64-0.14.27.tgz}
    name: esbuild-windows-64
    version: 0.14.27
    engines: {node: '>=12'}
    cpu: [x64]
    os: [win32]
    requiresBuild: true
    dev: false
    optional: true

  registry.npmjs.org/esbuild-windows-arm64/0.14.27:
    resolution: {integrity: sha512-I/reTxr6TFMcR5qbIkwRGvldMIaiBu2+MP0LlD7sOlNXrfqIl9uNjsuxFPGEG4IRomjfQ5q8WT+xlF/ySVkqKg==, registry: https://registry.yarnpkg.com/, tarball: https://registry.npmjs.org/esbuild-windows-arm64/-/esbuild-windows-arm64-0.14.27.tgz}
    name: esbuild-windows-arm64
    version: 0.14.27
    engines: {node: '>=12'}
    cpu: [arm64]
    os: [win32]
    requiresBuild: true
    dev: false
    optional: true

  registry.npmjs.org/esbuild/0.14.27:
    resolution: {integrity: sha512-MZQt5SywZS3hA9fXnMhR22dv0oPGh6QtjJRIYbgL1AeqAoQZE+Qn5ppGYQAoHv/vq827flj4tIJ79Mrdiwk46Q==, registry: https://registry.yarnpkg.com/, tarball: https://registry.npmjs.org/esbuild/-/esbuild-0.14.27.tgz}
    name: esbuild
    version: 0.14.27
    engines: {node: '>=12'}
    hasBin: true
    requiresBuild: true
    optionalDependencies:
      esbuild-android-64: registry.npmjs.org/esbuild-android-64/0.14.27
      esbuild-android-arm64: registry.npmjs.org/esbuild-android-arm64/0.14.27
      esbuild-darwin-64: registry.npmjs.org/esbuild-darwin-64/0.14.27
      esbuild-darwin-arm64: registry.npmjs.org/esbuild-darwin-arm64/0.14.27
      esbuild-freebsd-64: registry.npmjs.org/esbuild-freebsd-64/0.14.27
      esbuild-freebsd-arm64: registry.npmjs.org/esbuild-freebsd-arm64/0.14.27
      esbuild-linux-32: registry.npmjs.org/esbuild-linux-32/0.14.27
      esbuild-linux-64: registry.npmjs.org/esbuild-linux-64/0.14.27
      esbuild-linux-arm: registry.npmjs.org/esbuild-linux-arm/0.14.27
      esbuild-linux-arm64: registry.npmjs.org/esbuild-linux-arm64/0.14.27
      esbuild-linux-mips64le: registry.npmjs.org/esbuild-linux-mips64le/0.14.27
      esbuild-linux-ppc64le: registry.npmjs.org/esbuild-linux-ppc64le/0.14.27
      esbuild-linux-riscv64: registry.npmjs.org/esbuild-linux-riscv64/0.14.27
      esbuild-linux-s390x: registry.npmjs.org/esbuild-linux-s390x/0.14.27
      esbuild-netbsd-64: registry.npmjs.org/esbuild-netbsd-64/0.14.27
      esbuild-openbsd-64: registry.npmjs.org/esbuild-openbsd-64/0.14.27
      esbuild-sunos-64: registry.npmjs.org/esbuild-sunos-64/0.14.27
      esbuild-windows-32: registry.npmjs.org/esbuild-windows-32/0.14.27
      esbuild-windows-64: registry.npmjs.org/esbuild-windows-64/0.14.27
      esbuild-windows-arm64: registry.npmjs.org/esbuild-windows-arm64/0.14.27
    dev: false

  registry.npmjs.org/estree-walker/2.0.2:
    resolution: {integrity: sha512-Rfkk/Mp/DL7JVje3u18FxFujQlTNR2q6QfMSMB7AvCBx91NGj/ba3kCfza0f6dVDbw7YlRf/nDrn7pQrCCyQ/w==, registry: https://registry.yarnpkg.com/, tarball: https://registry.npmjs.org/estree-walker/-/estree-walker-2.0.2.tgz}
    name: estree-walker
    version: 2.0.2
    dev: false

  registry.npmjs.org/magic-string/0.25.9:
    resolution: {integrity: sha512-RmF0AsMzgt25qzqqLc1+MbHmhdx0ojF2Fvs4XnOqz2ZOBXzzkEwc/dJQZCYHAn7v1jbVOjAZfK8msRn4BxO4VQ==, registry: https://registry.yarnpkg.com/, tarball: https://registry.npmjs.org/magic-string/-/magic-string-0.25.9.tgz}
    name: magic-string
    version: 0.25.9
    dependencies:
      sourcemap-codec: registry.npmjs.org/sourcemap-codec/1.4.8
    dev: false

  registry.npmjs.org/nanoid/3.3.1:
    resolution: {integrity: sha512-n6Vs/3KGyxPQd6uO0eH4Bv0ojGSUvuLlIHtC3Y0kEO23YRge8H9x1GCzLn28YX0H66pMkxuaeESFq4tKISKwdw==, registry: https://registry.yarnpkg.com/, tarball: https://registry.npmjs.org/nanoid/-/nanoid-3.3.1.tgz}
    name: nanoid
    version: 3.3.1
    engines: {node: ^10 || ^12 || ^13.7 || ^14 || >=15.0.1}
    hasBin: true
    dev: false

  registry.npmjs.org/picocolors/1.0.0:
    resolution: {integrity: sha512-1fygroTLlHu66zi26VoTDv8yRgm0Fccecssto+MhsZ0D/DGW2sm8E8AjW7NU5VVTRt5GxbeZ5qBuJr+HyLYkjQ==, registry: https://registry.yarnpkg.com/, tarball: https://registry.npmjs.org/picocolors/-/picocolors-1.0.0.tgz}
    name: picocolors
    version: 1.0.0
    dev: false

  registry.npmjs.org/postcss/8.4.12:
    resolution: {integrity: sha512-lg6eITwYe9v6Hr5CncVbK70SoioNQIq81nsaG86ev5hAidQvmOeETBqs7jm43K2F5/Ley3ytDtriImV6TpNiSg==, registry: https://registry.yarnpkg.com/, tarball: https://registry.npmjs.org/postcss/-/postcss-8.4.12.tgz}
    name: postcss
    version: 8.4.12
    engines: {node: ^10 || ^12 || >=14}
    dependencies:
      nanoid: registry.npmjs.org/nanoid/3.3.1
      picocolors: registry.npmjs.org/picocolors/1.0.0
      source-map-js: registry.npmjs.org/source-map-js/1.0.2
    dev: false

  registry.npmjs.org/source-map-js/1.0.2:
    resolution: {integrity: sha512-R0XvVJ9WusLiqTCEiGCmICCMplcCkIwwR11mOSD9CR5u+IXYdiseeEuXCVAjS54zqwkLcPNnmU4OeJ6tUrWhDw==, registry: https://registry.yarnpkg.com/, tarball: https://registry.npmjs.org/source-map-js/-/source-map-js-1.0.2.tgz}
    name: source-map-js
    version: 1.0.2
    engines: {node: '>=0.10.0'}
    dev: false

  registry.npmjs.org/source-map/0.6.1:
    resolution: {integrity: sha512-UjgapumWlbMhkBgzT7Ykc5YXUT46F0iKu8SGXq0bcwP5dz/h0Plj6enJqjz1Zbq2l5WaqYnrVbwWOWMyF3F47g==, registry: https://registry.yarnpkg.com/, tarball: https://registry.npmjs.org/source-map/-/source-map-0.6.1.tgz}
    name: source-map
    version: 0.6.1
    engines: {node: '>=0.10.0'}
    dev: false

  registry.npmjs.org/sourcemap-codec/1.4.8:
    resolution: {integrity: sha512-9NykojV5Uih4lgo5So5dtw+f0JgJX30KCNI8gwhz2J9A15wD0Ml6tjHKwf6fTSa6fAdVBdZeNOs9eJ71qCk8vA==, registry: https://registry.yarnpkg.com/, tarball: https://registry.npmjs.org/sourcemap-codec/-/sourcemap-codec-1.4.8.tgz}
    name: sourcemap-codec
    version: 1.4.8
    dev: false

  registry.npmjs.org/typescript/4.6.2:
    resolution: {integrity: sha512-HM/hFigTBHZhLXshn9sN37H085+hQGeJHJ/X7LpBWLID/fbc2acUMfU+lGD98X81sKP+pFa9f0DZmCwB9GnbAg==, registry: https://registry.yarnpkg.com/, tarball: https://registry.npmjs.org/typescript/-/typescript-4.6.2.tgz}
    name: typescript
    version: 4.6.2
    engines: {node: '>=4.2.0'}
    hasBin: true
    dev: false

  registry.npmjs.org/vue/3.2.31:
    resolution: {integrity: sha512-odT3W2tcffTiQCy57nOT93INw1auq5lYLLYtWpPYQQYQOOdHiqFct9Xhna6GJ+pJQaF67yZABraH47oywkJgFw==, registry: https://registry.yarnpkg.com/, tarball: https://registry.npmjs.org/vue/-/vue-3.2.31.tgz}
    name: vue
    version: 3.2.31
    dependencies:
      '@vue/compiler-dom': registry.npmjs.org/@vue/compiler-dom/3.2.31
      '@vue/compiler-sfc': registry.npmjs.org/@vue/compiler-sfc/3.2.31
      '@vue/runtime-dom': registry.npmjs.org/@vue/runtime-dom/3.2.31
      '@vue/server-renderer': registry.npmjs.org/@vue/server-renderer/3.2.31_vue@3.2.31
      '@vue/shared': registry.npmjs.org/@vue/shared/3.2.31
    dev: false
